
Microsoft Visual Studio Solution File, Format Version 12.00
# Visual Studio 2013
VisualStudioVersion = 12.0.40629.0
MinimumVisualStudioVersion = 10.0.40219.1
Project("{2150E333-8FDC-42A3-9474-1A3956D46DE8}") = "0 - Presentation", "0 - Presentation", "{B2866AF0-A008-44BE-9F7A-BDDAFD5A601D}"
EndProject
Project("{2150E333-8FDC-42A3-9474-1A3956D46DE8}") = "2 - Application", "2 - Application", "{8DBB38AB-6950-481E-AADB-7B5DEC7D9DE6}"
EndProject
Project("{2150E333-8FDC-42A3-9474-1A3956D46DE8}") = "3 - Domain", "3 - Domain", "{2A114FD6-B183-44CA-AC31-C5EEE0FC5234}"
EndProject
Project("{2150E333-8FDC-42A3-9474-1A3956D46DE8}") = "4 - Infra", "4 - Infra", "{A7018045-61B0-4CB3-86BC-B6C17836E13E}"
EndProject
Project("{2150E333-8FDC-42A3-9474-1A3956D46DE8}") = "6 - UolPagSeguro", "6 - UolPagSeguro", "{266BDAAF-AA26-4482-9D98-17FF150CF32E}"
EndProject
Project("{2150E333-8FDC-42A3-9474-1A3956D46DE8}") = "4.1 Data", "4.1 Data", "{E5FD24E1-91E4-4EAF-A5A0-A21C3B9D303B}"
EndProject
Project("{2150E333-8FDC-42A3-9474-1A3956D46DE8}") = "4.2 - CrossCutting", "4.2 - CrossCutting", "{FF43273B-7403-4CF7-A4CE-82635B227C51}"
EndProject
Project("{FAE04EC0-301F-11D3-BF4B-00C04F79EFBC}") = "Ishopping.MVC", "Ishopping.MVC\Ishopping.MVC.csproj", "{F1EE5383-0EE3-4E4A-A616-8D97537D73B5}"
EndProject
Project("{FAE04EC0-301F-11D3-BF4B-00C04F79EFBC}") = "Ishopping.Application", "Ishopping.Application\Ishopping.Application.csproj", "{04BB3549-5197-4106-992A-BBF275A138C6}"
EndProject
Project("{FAE04EC0-301F-11D3-BF4B-00C04F79EFBC}") = "Ishopping.Domain", "Ishopping.Domain\Ishopping.Domain.csproj", "{984CB356-B992-441E-BF81-A36D1B30ADD0}"
EndProject
Project("{FAE04EC0-301F-11D3-BF4B-00C04F79EFBC}") = "Ishopping.Infra.Data", "Ishopping.Infra.Data\Ishopping.Infra.Data.csproj", "{89389CAE-3B3A-4365-A012-D33AF64A829C}"
EndProject
Project("{FAE04EC0-301F-11D3-BF4B-00C04F79EFBC}") = "Uol.PagSeguro", "Uol.PagSeguro\Uol.PagSeguro.csproj", "{BABC5658-6AFD-4F8E-81F1-434553663D99}"
EndProject
Project("{2150E333-8FDC-42A3-9474-1A3956D46DE8}") = "5 - Common", "5 - Common", "{E91AC877-506E-4076-88D4-B0077F32AD1A}"
EndProject
Project("{FAE04EC0-301F-11D3-BF4B-00C04F79EFBC}") = "Ishopping.Common", "Ishopping.Common\Ishopping.Common.csproj", "{C9D41B84-17D1-419B-A0AA-00B3920648EF}"
EndProject
Project("{FAE04EC0-301F-11D3-BF4B-00C04F79EFBC}") = "MvcFileUploader", "MvcFileUploader\MvcFileUploader.csproj", "{10BC1034-BD5C-4FBF-8E3A-05DDF07C4269}"
EndProject
Project("{2150E333-8FDC-42A3-9474-1A3956D46DE8}") = "7 - MvcFileUploader", "7 - MvcFileUploader", "{CFB67A7F-938B-437D-94D0-4BEA7607A062}"
EndProject
Global
	GlobalSection(SolutionConfigurationPlatforms) = preSolution
		Debug|Any CPU = Debug|Any CPU
		Release|Any CPU = Release|Any CPU
	EndGlobalSection
	GlobalSection(ProjectConfigurationPlatforms) = postSolution
		{F1EE5383-0EE3-4E4A-A616-8D97537D73B5}.Debug|Any CPU.ActiveCfg = Debug|Any CPU
		{F1EE5383-0EE3-4E4A-A616-8D97537D73B5}.Debug|Any CPU.Build.0 = Debug|Any CPU
		{F1EE5383-0EE3-4E4A-A616-8D97537D73B5}.Release|Any CPU.ActiveCfg = Release|Any CPU
		{F1EE5383-0EE3-4E4A-A616-8D97537D73B5}.Release|Any CPU.Build.0 = Release|Any CPU
		{04BB3549-5197-4106-992A-BBF275A138C6}.Debug|Any CPU.ActiveCfg = Debug|Any CPU
		{04BB3549-5197-4106-992A-BBF275A138C6}.Debug|Any CPU.Build.0 = Debug|Any CPU
		{04BB3549-5197-4106-992A-BBF275A138C6}.Release|Any CPU.ActiveCfg = Release|Any CPU
		{04BB3549-5197-4106-992A-BBF275A138C6}.Release|Any CPU.Build.0 = Release|Any CPU
		{984CB356-B992-441E-BF81-A36D1B30ADD0}.Debug|Any CPU.ActiveCfg = Debug|Any CPU
		{984CB356-B992-441E-BF81-A36D1B30ADD0}.Debug|Any CPU.Build.0 = Debug|Any CPU
		{984CB356-B992-441E-BF81-A36D1B30ADD0}.Release|Any CPU.ActiveCfg = Release|Any CPU
		{984CB356-B992-441E-BF81-A36D1B30ADD0}.Release|Any CPU.Build.0 = Release|Any CPU
		{89389CAE-3B3A-4365-A012-D33AF64A829C}.Debug|Any CPU.ActiveCfg = Debug|Any CPU
		{89389CAE-3B3A-4365-A012-D33AF64A829C}.Debug|Any CPU.Build.0 = Debug|Any CPU
		{89389CAE-3B3A-4365-A012-D33AF64A829C}.Release|Any CPU.ActiveCfg = Release|Any CPU
		{89389CAE-3B3A-4365-A012-D33AF64A829C}.Release|Any CPU.Build.0 = Release|Any CPU
		{BABC5658-6AFD-4F8E-81F1-434553663D99}.Debug|Any CPU.ActiveCfg = Debug|Any CPU
		{BABC5658-6AFD-4F8E-81F1-434553663D99}.Debug|Any CPU.Build.0 = Debug|Any CPU
		{BABC5658-6AFD-4F8E-81F1-434553663D99}.Release|Any CPU.ActiveCfg = Release|Any CPU
		{BABC5658-6AFD-4F8E-81F1-434553663D99}.Release|Any CPU.Build.0 = Release|Any CPU
		{C9D41B84-17D1-419B-A0AA-00B3920648EF}.Debug|Any CPU.ActiveCfg = Debug|Any CPU
		{C9D41B84-17D1-419B-A0AA-00B3920648EF}.Debug|Any CPU.Build.0 = Debug|Any CPU
		{C9D41B84-17D1-419B-A0AA-00B3920648EF}.Release|Any CPU.ActiveCfg = Release|Any CPU
		{C9D41B84-17D1-419B-A0AA-00B3920648EF}.Release|Any CPU.Build.0 = Release|Any CPU
		{10BC1034-BD5C-4FBF-8E3A-05DDF07C4269}.Debug|Any CPU.ActiveCfg = Debug|Any CPU
		{10BC1034-BD5C-4FBF-8E3A-05DDF07C4269}.Debug|Any CPU.Build.0 = Debug|Any CPU
		{10BC1034-BD5C-4FBF-8E3A-05DDF07C4269}.Release|Any CPU.ActiveCfg = Release|Any CPU
		{10BC1034-BD5C-4FBF-8E3A-05DDF07C4269}.Release|Any CPU.Build.0 = Release|Any CPU
	EndGlobalSection
	GlobalSection(SolutionProperties) = preSolution
		HideSolutionNode = FALSE
	EndGlobalSection
	GlobalSection(NestedProjects) = preSolution
		{E5FD24E1-91E4-4EAF-A5A0-A21C3B9D303B} = {A7018045-61B0-4CB3-86BC-B6C17836E13E}
		{FF43273B-7403-4CF7-A4CE-82635B227C51} = {A7018045-61B0-4CB3-86BC-B6C17836E13E}
		{F1EE5383-0EE3-4E4A-A616-8D97537D73B5} = {B2866AF0-A008-44BE-9F7A-BDDAFD5A601D}
		{04BB3549-5197-4106-992A-BBF275A138C6} = {8DBB38AB-6950-481E-AADB-7B5DEC7D9DE6}
		{984CB356-B992-441E-BF81-A36D1B30ADD0} = {2A114FD6-B183-44CA-AC31-C5EEE0FC5234}
		{89389CAE-3B3A-4365-A012-D33AF64A829C} = {E5FD24E1-91E4-4EAF-A5A0-A21C3B9D303B}
		{BABC5658-6AFD-4F8E-81F1-434553663D99} = {266BDAAF-AA26-4482-9D98-17FF150CF32E}
		{C9D41B84-17D1-419B-A0AA-00B3920648EF} = {E91AC877-506E-4076-88D4-B0077F32AD1A}
		{10BC1034-BD5C-4FBF-8E3A-05DDF07C4269} = {CFB67A7F-938B-437D-94D0-4BEA7607A062}
	EndGlobalSection
EndGlobal
